
Microsoft Visual Studio Solution File, Format Version 12.00
# Visual Studio Version 17
VisualStudioVersion = 17.14.36301.6 d17.14
MinimumVisualStudioVersion = 10.0.40219.1
Project("{FAE04EC0-301F-11D3-BF4B-00C04F79EFBC}") = "WindowsFormsApp2", "WindowsFormsApp2.csproj", "{8FB61B9F-618D-49CA-8B52-6E360F7F46AE}"
EndProject
Global
	GlobalSection(SolutionConfigurationPlatforms) = preSolution
		Debug|Any CPU = Debug|Any CPU
		Release|Any CPU = Release|Any CPU
	EndGlobalSection
	GlobalSection(ProjectConfigurationPlatforms) = postSolution
		{8FB61B9F-618D-49CA-8B52-6E360F7F46AE}.Debug|Any CPU.ActiveCfg = Debug|Any CPU
		{8FB61B9F-618D-49CA-8B52-6E360F7F46AE}.Debug|Any CPU.Build.0 = Debug|Any CPU
		{8FB61B9F-618D-49CA-8B52-6E360F7F46AE}.Release|Any CPU.ActiveCfg = Release|Any CPU
		{8FB61B9F-618D-49CA-8B52-6E360F7F46AE}.Release|Any CPU.Build.0 = Release|Any CPU
	EndGlobalSection
	GlobalSection(SolutionProperties) = preSolution
		HideSolutionNode = FALSE
	EndGlobalSection
	GlobalSection(ExtensibilityGlobals) = postSolution
		SolutionGuid = {8EB9BB5F-F47E-4475-9B79-1E7E4535825B}
	EndGlobalSection
EndGlobal
